# THIS IS AN AUTOGENERATED FILE. DO NOT EDIT THIS FILE DIRECTLY.
# yarn lockfile v1


intersection-observer@0.10.0:
  version "0.10.0"
  resolved "https://registry.yarnpkg.com/intersection-observer/-/intersection-observer-0.10.0.tgz#4d11d63c1ff67e21e62987be24d55218da1a1a69"
  integrity sha512-fn4bQ0Xq8FTej09YC/jqKZwtijpvARlRp6wxL5WTA6yPe2YWSJ5RJh7Nm79rK2qB0wr6iDQzH60XGq5V/7u8YQ==
